
Microsoft Visual Studio Solution File, Format Version 12.00
# Visual Studio Version 16
VisualStudioVersion = 16.0.32407.337
MinimumVisualStudioVersion = 10.0.40219.1
Project("{FAE04EC0-301F-11D3-BF4B-00C04F79EFBC}") = "sistema que calcula a distancia de duas cordenadas", "sistema que calcula a distancia de duas cordenadas.csproj", "{F1A21D18-2343-4318-B25C-F6830C837B88}"
EndProject
Global
	GlobalSection(SolutionConfigurationPlatforms) = preSolution
		Debug|Any CPU = Debug|Any CPU
		Release|Any CPU = Release|Any CPU
	EndGlobalSection
	GlobalSection(ProjectConfigurationPlatforms) = postSolution
		{F1A21D18-2343-4318-B25C-F6830C837B88}.Debug|Any CPU.ActiveCfg = Debug|Any CPU
		{F1A21D18-2343-4318-B25C-F6830C837B88}.Debug|Any CPU.Build.0 = Debug|Any CPU
		{F1A21D18-2343-4318-B25C-F6830C837B88}.Release|Any CPU.ActiveCfg = Release|Any CPU
		{F1A21D18-2343-4318-B25C-F6830C837B88}.Release|Any CPU.Build.0 = Release|Any CPU
	EndGlobalSection
	GlobalSection(SolutionProperties) = preSolution
		HideSolutionNode = FALSE
	EndGlobalSection
	GlobalSection(ExtensibilityGlobals) = postSolution
		SolutionGuid = {CA1FC834-C793-440F-B6A2-B0EC1BC60D91}
	EndGlobalSection
EndGlobal
